// !$*UTF8*$!
{
	archiveVersion = 1;
	classes = {
	};
	objectVersion = 55;
	objects = {

/* Begin PBXBuildFile section */
		2441FB3A27954C580033E3A5 /* MainPageSegments.swift in Sources */ = {isa = PBXBuildFile; fileRef = 2441FB3927954C580033E3A5 /* MainPageSegments.swift */; };
		3724A02E27845DC3003E8C31 /* AppDelegate.swift in Sources */ = {isa = PBXBuildFile; fileRef = 3724A02D27845DC3003E8C31 /* AppDelegate.swift */; };
		3724A03027845DC3003E8C31 /* SceneDelegate.swift in Sources */ = {isa = PBXBuildFile; fileRef = 3724A02F27845DC3003E8C31 /* SceneDelegate.swift */; };
		3724A03227845DC3003E8C31 /* MainPageViewController.swift in Sources */ = {isa = PBXBuildFile; fileRef = 3724A03127845DC3003E8C31 /* MainPageViewController.swift */; };
		3724A03727845DC4003E8C31 /* Assets.xcassets in Resources */ = {isa = PBXBuildFile; fileRef = 3724A03627845DC4003E8C31 /* Assets.xcassets */; };
		3724A03A27845DC4003E8C31 /* LaunchScreen.storyboard in Resources */ = {isa = PBXBuildFile; fileRef = 3724A03827845DC4003E8C31 /* LaunchScreen.storyboard */; };
		3724A05F2784711E003E8C31 /* TVSeriesAPI.framework in Frameworks */ = {isa = PBXBuildFile; fileRef = 3724A05E2784711E003E8C31 /* TVSeriesAPI.framework */; };
		3724A06627847DD5003E8C31 /* MainPageView.swift in Sources */ = {isa = PBXBuildFile; fileRef = 3724A06527847DD5003E8C31 /* MainPageView.swift */; };
		3724A06827847DFA003E8C31 /* MainPageInteractor.swift in Sources */ = {isa = PBXBuildFile; fileRef = 3724A06727847DFA003E8C31 /* MainPageInteractor.swift */; };
		3724A06A27847E03003E8C31 /* MainPagePresenter.swift in Sources */ = {isa = PBXBuildFile; fileRef = 3724A06927847E03003E8C31 /* MainPagePresenter.swift */; };
		3724A06E27847E16003E8C31 /* MainPageRouter.swift in Sources */ = {isa = PBXBuildFile; fileRef = 3724A06D27847E16003E8C31 /* MainPageRouter.swift */; };
		3724A07027847E53003E8C31 /* MainPageContracts.swift in Sources */ = {isa = PBXBuildFile; fileRef = 3724A06F27847E53003E8C31 /* MainPageContracts.swift */; };
		3724A07227847E5B003E8C31 /* MainPageBuilder.swift in Sources */ = {isa = PBXBuildFile; fileRef = 3724A07127847E5B003E8C31 /* MainPageBuilder.swift */; };
		3724A075278480C5003E8C31 /* ListCellView.swift in Sources */ = {isa = PBXBuildFile; fileRef = 3724A074278480C5003E8C31 /* ListCellView.swift */; };
		3724A077278482E9003E8C31 /* ListTableCell.swift in Sources */ = {isa = PBXBuildFile; fileRef = 3724A076278482E9003E8C31 /* ListTableCell.swift */; };
		37AC912F27872D9700197266 /* ListCellViewModel.swift in Sources */ = {isa = PBXBuildFile; fileRef = 37AC912E27872D9700197266 /* ListCellViewModel.swift */; };
/* End PBXBuildFile section */

/* Begin PBXFileReference section */
		2441FB3927954C580033E3A5 /* MainPageSegments.swift */ = {isa = PBXFileReference; lastKnownFileType = sourcecode.swift; path = MainPageSegments.swift; sourceTree = "<group>"; };
		3724A02A27845DC3003E8C31 /* TVSeriesApp.app */ = {isa = PBXFileReference; explicitFileType = wrapper.application; includeInIndex = 0; path = TVSeriesApp.app; sourceTree = BUILT_PRODUCTS_DIR; };
		3724A02D27845DC3003E8C31 /* AppDelegate.swift */ = {isa = PBXFileReference; lastKnownFileType = sourcecode.swift; path = AppDelegate.swift; sourceTree = "<group>"; };
		3724A02F27845DC3003E8C31 /* SceneDelegate.swift */ = {isa = PBXFileReference; lastKnownFileType = sourcecode.swift; path = SceneDelegate.swift; sourceTree = "<group>"; };
		3724A03127845DC3003E8C31 /* MainPageViewController.swift */ = {isa = PBXFileReference; lastKnownFileType = sourcecode.swift; path = MainPageViewController.swift; sourceTree = "<group>"; };
		3724A03627845DC4003E8C31 /* Assets.xcassets */ = {isa = PBXFileReference; lastKnownFileType = folder.assetcatalog; path = Assets.xcassets; sourceTree = "<group>"; };
		3724A03927845DC4003E8C31 /* Base */ = {isa = PBXFileReference; lastKnownFileType = file.storyboard; name = Base; path = Base.lproj/LaunchScreen.storyboard; sourceTree = "<group>"; };
		3724A03B27845DC4003E8C31 /* Info.plist */ = {isa = PBXFileReference; lastKnownFileType = text.plist.xml; path = Info.plist; sourceTree = "<group>"; };
		3724A05E2784711E003E8C31 /* TVSeriesAPI.framework */ = {isa = PBXFileReference; explicitFileType = wrapper.framework; path = TVSeriesAPI.framework; sourceTree = BUILT_PRODUCTS_DIR; };
		3724A06527847DD5003E8C31 /* MainPageView.swift */ = {isa = PBXFileReference; lastKnownFileType = sourcecode.swift; path = MainPageView.swift; sourceTree = "<group>"; };
		3724A06727847DFA003E8C31 /* MainPageInteractor.swift */ = {isa = PBXFileReference; lastKnownFileType = sourcecode.swift; path = MainPageInteractor.swift; sourceTree = "<group>"; };
		3724A06927847E03003E8C31 /* MainPagePresenter.swift */ = {isa = PBXFileReference; lastKnownFileType = sourcecode.swift; path = MainPagePresenter.swift; sourceTree = "<group>"; };
		3724A06D27847E16003E8C31 /* MainPageRouter.swift */ = {isa = PBXFileReference; lastKnownFileType = sourcecode.swift; path = MainPageRouter.swift; sourceTree = "<group>"; };
		3724A06F27847E53003E8C31 /* MainPageContracts.swift */ = {isa = PBXFileReference; lastKnownFileType = sourcecode.swift; path = MainPageContracts.swift; sourceTree = "<group>"; };
		3724A07127847E5B003E8C31 /* MainPageBuilder.swift */ = {isa = PBXFileReference; lastKnownFileType = sourcecode.swift; path = MainPageBuilder.swift; sourceTree = "<group>"; };
		3724A074278480C5003E8C31 /* ListCellView.swift */ = {isa = PBXFileReference; lastKnownFileType = sourcecode.swift; path = ListCellView.swift; sourceTree = "<group>"; };
		3724A076278482E9003E8C31 /* ListTableCell.swift */ = {isa = PBXFileReference; lastKnownFileType = sourcecode.swift; path = ListTableCell.swift; sourceTree = "<group>"; };
		37AC912E27872D9700197266 /* ListCellViewModel.swift */ = {isa = PBXFileReference; lastKnownFileType = sourcecode.swift; path = ListCellViewModel.swift; sourceTree = "<group>"; };
/* End PBXFileReference section */

/* Begin PBXFrameworksBuildPhase section */
		3724A02727845DC3003E8C31 /* Frameworks */ = {
			isa = PBXFrameworksBuildPhase;
			buildActionMask = 2147483647;
			files = (
				3724A05F2784711E003E8C31 /* TVSeriesAPI.framework in Frameworks */,
			);
			runOnlyForDeploymentPostprocessing = 0;
		};
/* End PBXFrameworksBuildPhase section */

/* Begin PBXGroup section */
		3724A02127845DC3003E8C31 = {
			isa = PBXGroup;
			children = (
				3724A02C27845DC3003E8C31 /* TVSeriesApp */,
				3724A02B27845DC3003E8C31 /* Products */,
				3724A05D2784711E003E8C31 /* Frameworks */,
			);
			sourceTree = "<group>";
		};
		3724A02B27845DC3003E8C31 /* Products */ = {
			isa = PBXGroup;
			children = (
				3724A02A27845DC3003E8C31 /* TVSeriesApp.app */,
			);
			name = Products;
			sourceTree = "<group>";
		};
		3724A02C27845DC3003E8C31 /* TVSeriesApp */ = {
			isa = PBXGroup;
			children = (
				3724A06327847D84003E8C31 /* Application */,
				3724A06227847D0B003E8C31 /* SupportFiles */,
				37AC912C27872CC000197266 /* Components */,
				3724A073278480B4003E8C31 /* Cell */,
				3724A06427847D9A003E8C31 /* MainPage */,
			);
			path = TVSeriesApp;
			sourceTree = "<group>";
		};
		3724A05D2784711E003E8C31 /* Frameworks */ = {
			isa = PBXGroup;
			children = (
				3724A05E2784711E003E8C31 /* TVSeriesAPI.framework */,
			);
			name = Frameworks;
			sourceTree = "<group>";
		};
		3724A06227847D0B003E8C31 /* SupportFiles */ = {
			isa = PBXGroup;
			children = (
				3724A03B27845DC4003E8C31 /* Info.plist */,
				3724A03827845DC4003E8C31 /* LaunchScreen.storyboard */,
				3724A03627845DC4003E8C31 /* Assets.xcassets */,
			);
			path = SupportFiles;
			sourceTree = "<group>";
		};
		3724A06327847D84003E8C31 /* Application */ = {
			isa = PBXGroup;
			children = (
				3724A02D27845DC3003E8C31 /* AppDelegate.swift */,
				3724A02F27845DC3003E8C31 /* SceneDelegate.swift */,
			);
			path = Application;
			sourceTree = "<group>";
		};
		3724A06427847D9A003E8C31 /* MainPage */ = {
			isa = PBXGroup;
			children = (
				3724A06527847DD5003E8C31 /* MainPageView.swift */,
				3724A03127845DC3003E8C31 /* MainPageViewController.swift */,
				3724A06727847DFA003E8C31 /* MainPageInteractor.swift */,
				3724A06927847E03003E8C31 /* MainPagePresenter.swift */,
				3724A06D27847E16003E8C31 /* MainPageRouter.swift */,
				3724A06F27847E53003E8C31 /* MainPageContracts.swift */,
				2441FB3927954C580033E3A5 /* MainPageSegments.swift */,
				3724A07127847E5B003E8C31 /* MainPageBuilder.swift */,
			);
			path = MainPage;
			sourceTree = "<group>";
		};
		3724A073278480B4003E8C31 /* Cell */ = {
			isa = PBXGroup;
			children = (
				3724A076278482E9003E8C31 /* ListTableCell.swift */,
			);
			path = Cell;
			sourceTree = "<group>";
		};
		37AC912C27872CC000197266 /* Components */ = {
			isa = PBXGroup;
			children = (
				37AC912D27872D8500197266 /* ListCellView */,
			);
			path = Components;
			sourceTree = "<group>";
		};
		37AC912D27872D8500197266 /* ListCellView */ = {
			isa = PBXGroup;
			children = (
				3724A074278480C5003E8C31 /* ListCellView.swift */,
				37AC912E27872D9700197266 /* ListCellViewModel.swift */,
			);
			path = ListCellView;
			sourceTree = "<group>";
		};
/* End PBXGroup section */

/* Begin PBXNativeTarget section */
		3724A02927845DC3003E8C31 /* TVSeriesApp */ = {
			isa = PBXNativeTarget;
			buildConfigurationList = 3724A03E27845DC4003E8C31 /* Build configuration list for PBXNativeTarget "TVSeriesApp" */;
			buildPhases = (
				3724A02627845DC3003E8C31 /* Sources */,
				3724A02727845DC3003E8C31 /* Frameworks */,
				3724A02827845DC3003E8C31 /* Resources */,
			);
			buildRules = (
			);
			dependencies = (
			);
			name = TVSeriesApp;
			productName = TVSeriesApp;
			productReference = 3724A02A27845DC3003E8C31 /* TVSeriesApp.app */;
			productType = "com.apple.product-type.application";
		};
/* End PBXNativeTarget section */

/* Begin PBXProject section */
		3724A02227845DC3003E8C31 /* Project object */ = {
			isa = PBXProject;
			attributes = {
				BuildIndependentTargetsInParallel = 1;
				LastSwiftUpdateCheck = 1310;
				LastUpgradeCheck = 1310;
				TargetAttributes = {
					3724A02927845DC3003E8C31 = {
						CreatedOnToolsVersion = 13.1;
					};
				};
			};
			buildConfigurationList = 3724A02527845DC3003E8C31 /* Build configuration list for PBXProject "TVSeriesApp" */;
			compatibilityVersion = "Xcode 13.0";
			developmentRegion = en;
			hasScannedForEncodings = 0;
			knownRegions = (
				en,
				Base,
			);
			mainGroup = 3724A02127845DC3003E8C31;
			productRefGroup = 3724A02B27845DC3003E8C31 /* Products */;
			projectDirPath = "";
			projectRoot = "";
			targets = (
				3724A02927845DC3003E8C31 /* TVSeriesApp */,
			);
		};
/* End PBXProject section */

/* Begin PBXResourcesBuildPhase section */
		3724A02827845DC3003E8C31 /* Resources */ = {
			isa = PBXResourcesBuildPhase;
			buildActionMask = 2147483647;
			files = (
				3724A03A27845DC4003E8C31 /* LaunchScreen.storyboard in Resources */,
				3724A03727845DC4003E8C31 /* Assets.xcassets in Resources */,
			);
			runOnlyForDeploymentPostprocessing = 0;
		};
/* End PBXResourcesBuildPhase section */

/* Begin PBXSourcesBuildPhase section */
		3724A02627845DC3003E8C31 /* Sources */ = {
			isa = PBXSourcesBuildPhase;
			buildActionMask = 2147483647;
			files = (
				3724A03227845DC3003E8C31 /* MainPageViewController.swift in Sources */,
				3724A06E27847E16003E8C31 /* MainPageRouter.swift in Sources */,
				3724A07027847E53003E8C31 /* MainPageContracts.swift in Sources */,
				3724A07227847E5B003E8C31 /* MainPageBuilder.swift in Sources */,
				2441FB3A27954C580033E3A5 /* MainPageSegments.swift in Sources */,
				3724A06A27847E03003E8C31 /* MainPagePresenter.swift in Sources */,
				3724A075278480C5003E8C31 /* ListCellView.swift in Sources */,
				3724A06627847DD5003E8C31 /* MainPageView.swift in Sources */,
				3724A02E27845DC3003E8C31 /* AppDelegate.swift in Sources */,
				37AC912F27872D9700197266 /* ListCellViewModel.swift in Sources */,
				3724A077278482E9003E8C31 /* ListTableCell.swift in Sources */,
				3724A06827847DFA003E8C31 /* MainPageInteractor.swift in Sources */,
				3724A03027845DC3003E8C31 /* SceneDelegate.swift in Sources */,
			);
			runOnlyForDeploymentPostprocessing = 0;
		};
/* End PBXSourcesBuildPhase section */

/* Begin PBXVariantGroup section */
		3724A03827845DC4003E8C31 /* LaunchScreen.storyboard */ = {
			isa = PBXVariantGroup;
			children = (
				3724A03927845DC4003E8C31 /* Base */,
			);
			name = LaunchScreen.storyboard;
			sourceTree = "<group>";
		};
/* End PBXVariantGroup section */

/* Begin XCBuildConfiguration section */
		3724A03C27845DC4003E8C31 /* Debug */ = {
			isa = XCBuildConfiguration;
			buildSettings = {
				ALWAYS_SEARCH_USER_PATHS = NO;
				CLANG_ANALYZER_NONNULL = YES;
				CLANG_ANALYZER_NUMBER_OBJECT_CONVERSION = YES_AGGRESSIVE;
				CLANG_CXX_LANGUAGE_STANDARD = "gnu++17";
				CLANG_CXX_LIBRARY = "libc++";
				CLANG_ENABLE_MODULES = YES;
				CLANG_ENABLE_OBJC_ARC = YES;
				CLANG_ENABLE_OBJC_WEAK = YES;
				CLANG_WARN_BLOCK_CAPTURE_AUTORELEASING = YES;
				CLANG_WARN_BOOL_CONVERSION = YES;
				CLANG_WARN_COMMA = YES;
				CLANG_WARN_CONSTANT_CONVERSION = YES;
				CLANG_WARN_DEPRECATED_OBJC_IMPLEMENTATIONS = YES;
				CLANG_WARN_DIRECT_OBJC_ISA_USAGE = YES_ERROR;
				CLANG_WARN_DOCUMENTATION_COMMENTS = YES;
				CLANG_WARN_EMPTY_BODY = YES;
				CLANG_WARN_ENUM_CONVERSION = YES;
				CLANG_WARN_INFINITE_RECURSION = YES;
				CLANG_WARN_INT_CONVERSION = YES;
				CLANG_WARN_NON_LITERAL_NULL_CONVERSION = YES;
				CLANG_WARN_OBJC_IMPLICIT_RETAIN_SELF = YES;
				CLANG_WARN_OBJC_LITERAL_CONVERSION = YES;
				CLANG_WARN_OBJC_ROOT_CLASS = YES_ERROR;
				CLANG_WARN_QUOTED_INCLUDE_IN_FRAMEWORK_HEADER = YES;
				CLANG_WARN_RANGE_LOOP_ANALYSIS = YES;
				CLANG_WARN_STRICT_PROTOTYPES = YES;
				CLANG_WARN_SUSPICIOUS_MOVE = YES;
				CLANG_WARN_UNGUARDED_AVAILABILITY = YES_AGGRESSIVE;
				CLANG_WARN_UNREACHABLE_CODE = YES;
				CLANG_WARN__DUPLICATE_METHOD_MATCH = YES;
				COPY_PHASE_STRIP = NO;
				DEBUG_INFORMATION_FORMAT = dwarf;
				ENABLE_STRICT_OBJC_MSGSEND = YES;
				ENABLE_TESTABILITY = YES;
				GCC_C_LANGUAGE_STANDARD = gnu11;
				GCC_DYNAMIC_NO_PIC = NO;
				GCC_NO_COMMON_BLOCKS = YES;
				GCC_OPTIMIZATION_LEVEL = 0;
				GCC_PREPROCESSOR_DEFINITIONS = (
					"DEBUG=1",
					"$(inherited)",
				);
				GCC_WARN_64_TO_32_BIT_CONVERSION = YES;
				GCC_WARN_ABOUT_RETURN_TYPE = YES_ERROR;
				GCC_WARN_UNDECLARED_SELECTOR = YES;
				GCC_WARN_UNINITIALIZED_AUTOS = YES_AGGRESSIVE;
				GCC_WARN_UNUSED_FUNCTION = YES;
				GCC_WARN_UNUSED_VARIABLE = YES;
				IPHONEOS_DEPLOYMENT_TARGET = 15.0;
				MTL_ENABLE_DEBUG_INFO = INCLUDE_SOURCE;
				MTL_FAST_MATH = YES;
				ONLY_ACTIVE_ARCH = YES;
				SDKROOT = iphoneos;
				SWIFT_ACTIVE_COMPILATION_CONDITIONS = DEBUG;
				SWIFT_OPTIMIZATION_LEVEL = "-Onone";
			};
			name = Debug;
		};
		3724A03D27845DC4003E8C31 /* Release */ = {
			isa = XCBuildConfiguration;
			buildSettings = {
				ALWAYS_SEARCH_USER_PATHS = NO;
				CLANG_ANALYZER_NONNULL = YES;
				CLANG_ANALYZER_NUMBER_OBJECT_CONVERSION = YES_AGGRESSIVE;
				CLANG_CXX_LANGUAGE_STANDARD = "gnu++17";
				CLANG_CXX_LIBRARY = "libc++";
				CLANG_ENABLE_MODULES = YES;
				CLANG_ENABLE_OBJC_ARC = YES;
				CLANG_ENABLE_OBJC_WEAK = YES;
				CLANG_WARN_BLOCK_CAPTURE_AUTORELEASING = YES;
				CLANG_WARN_BOOL_CONVERSION = YES;
				CLANG_WARN_COMMA = YES;
				CLANG_WARN_CONSTANT_CONVERSION = YES;
				CLANG_WARN_DEPRECATED_OBJC_IMPLEMENTATIONS = YES;
				CLANG_WARN_DIRECT_OBJC_ISA_USAGE = YES_ERROR;
				CLANG_WARN_DOCUMENTATION_COMMENTS = YES;
				CLANG_WARN_EMPTY_BODY = YES;
				CLANG_WARN_ENUM_CONVERSION = YES;
				CLANG_WARN_INFINITE_RECURSION = YES;
				CLANG_WARN_INT_CONVERSION = YES;
				CLANG_WARN_NON_LITERAL_NULL_CONVERSION = YES;
				CLANG_WARN_OBJC_IMPLICIT_RETAIN_SELF = YES;
				CLANG_WARN_OBJC_LITERAL_CONVERSION = YES;
				CLANG_WARN_OBJC_ROOT_CLASS = YES_ERROR;
				CLANG_WARN_QUOTED_INCLUDE_IN_FRAMEWORK_HEADER = YES;
				CLANG_WARN_RANGE_LOOP_ANALYSIS = YES;
				CLANG_WARN_STRICT_PROTOTYPES = YES;
				CLANG_WARN_SUSPICIOUS_MOVE = YES;
				CLANG_WARN_UNGUARDED_AVAILABILITY = YES_AGGRESSIVE;
				CLANG_WARN_UNREACHABLE_CODE = YES;
				CLANG_WARN__DUPLICATE_METHOD_MATCH = YES;
				COPY_PHASE_STRIP = NO;
				DEBUG_INFORMATION_FORMAT = "dwarf-with-dsym";
				ENABLE_NS_ASSERTIONS = NO;
				ENABLE_STRICT_OBJC_MSGSEND = YES;
				GCC_C_LANGUAGE_STANDARD = gnu11;
				GCC_NO_COMMON_BLOCKS = YES;
				GCC_WARN_64_TO_32_BIT_CONVERSION = YES;
				GCC_WARN_ABOUT_RETURN_TYPE = YES_ERROR;
				GCC_WARN_UNDECLARED_SELECTOR = YES;
				GCC_WARN_UNINITIALIZED_AUTOS = YES_AGGRESSIVE;
				GCC_WARN_UNUSED_FUNCTION = YES;
				GCC_WARN_UNUSED_VARIABLE = YES;
				IPHONEOS_DEPLOYMENT_TARGET = 15.0;
				MTL_ENABLE_DEBUG_INFO = NO;
				MTL_FAST_MATH = YES;
				SDKROOT = iphoneos;
				SWIFT_COMPILATION_MODE = wholemodule;
				SWIFT_OPTIMIZATION_LEVEL = "-O";
				VALIDATE_PRODUCT = YES;
			};
			name = Release;
		};
		3724A03F27845DC4003E8C31 /* Debug */ = {
			isa = XCBuildConfiguration;
			buildSettings = {
				ASSETCATALOG_COMPILER_APPICON_NAME = AppIcon;
				ASSETCATALOG_COMPILER_GLOBAL_ACCENT_COLOR_NAME = AccentColor;
				CODE_SIGN_STYLE = Automatic;
				CURRENT_PROJECT_VERSION = 1;
				DEVELOPMENT_TEAM = FLUF4SMKRR;
				GENERATE_INFOPLIST_FILE = YES;
				INFOPLIST_FILE = TVSeriesApp/SupportFiles/Info.plist;
				INFOPLIST_KEY_NSMainNibFile = Main;
				INFOPLIST_KEY_UIApplicationSupportsIndirectInputEvents = YES;
				INFOPLIST_KEY_UILaunchStoryboardName = LaunchScreen;
				INFOPLIST_KEY_UISupportedInterfaceOrientations_iPad = "UIInterfaceOrientationPortrait UIInterfaceOrientationPortraitUpsideDown UIInterfaceOrientationLandscapeLeft UIInterfaceOrientationLandscapeRight";
				INFOPLIST_KEY_UISupportedInterfaceOrientations_iPhone = "UIInterfaceOrientationPortrait UIInterfaceOrientationLandscapeLeft UIInterfaceOrientationLandscapeRight";
				LD_RUNPATH_SEARCH_PATHS = (
					"$(inherited)",
					"@executable_path/Frameworks",
				);
				MARKETING_VERSION = 1.0;
				PRODUCT_BUNDLE_IDENTIFIER = com.aysenurbakirci.TVSeriesApp;
				PRODUCT_NAME = "$(TARGET_NAME)";
				SWIFT_EMIT_LOC_STRINGS = YES;
				SWIFT_VERSION = 5.0;
				TARGETED_DEVICE_FAMILY = "1,2";
			};
			name = Debug;
		};
		3724A04027845DC4003E8C31 /* Release */ = {
			isa = XCBuildConfiguration;
			buildSettings = {
				ASSETCATALOG_COMPILER_APPICON_NAME = AppIcon;
				ASSETCATALOG_COMPILER_GLOBAL_ACCENT_COLOR_NAME = AccentColor;
				CODE_SIGN_STYLE = Automatic;
				CURRENT_PROJECT_VERSION = 1;
				DEVELOPMENT_TEAM = FLUF4SMKRR;
				GENERATE_INFOPLIST_FILE = YES;
				INFOPLIST_FILE = TVSeriesApp/SupportFiles/Info.plist;
				INFOPLIST_KEY_NSMainNibFile = Main;
				INFOPLIST_KEY_UIApplicationSupportsIndirectInputEvents = YES;
				INFOPLIST_KEY_UILaunchStoryboardName = LaunchScreen;
				INFOPLIST_KEY_UISupportedInterfaceOrientations_iPad = "UIInterfaceOrientationPortrait UIInterfaceOrientationPortraitUpsideDown UIInterfaceOrientationLandscapeLeft UIInterfaceOrientationLandscapeRight";
				INFOPLIST_KEY_UISupportedInterfaceOrientations_iPhone = "UIInterfaceOrientationPortrait UIInterfaceOrientationLandscapeLeft UIInterfaceOrientationLandscapeRight";
				LD_RUNPATH_SEARCH_PATHS = (
					"$(inherited)",
					"@executable_path/Frameworks",
				);
				MARKETING_VERSION = 1.0;
				PRODUCT_BUNDLE_IDENTIFIER = com.aysenurbakirci.TVSeriesApp;
				PRODUCT_NAME = "$(TARGET_NAME)";
				SWIFT_EMIT_LOC_STRINGS = YES;
				SWIFT_VERSION = 5.0;
				TARGETED_DEVICE_FAMILY = "1,2";
			};
			name = Release;
		};
/* End XCBuildConfiguration section */

/* Begin XCConfigurationList section */
		3724A02527845DC3003E8C31 /* Build configuration list for PBXProject "TVSeriesApp" */ = {
			isa = XCConfigurationList;
			buildConfigurations = (
				3724A03C27845DC4003E8C31 /* Debug */,
				3724A03D27845DC4003E8C31 /* Release */,
			);
			defaultConfigurationIsVisible = 0;
			defaultConfigurationName = Release;
		};
		3724A03E27845DC4003E8C31 /* Build configuration list for PBXNativeTarget "TVSeriesApp" */ = {
			isa = XCConfigurationList;
			buildConfigurations = (
				3724A03F27845DC4003E8C31 /* Debug */,
				3724A04027845DC4003E8C31 /* Release */,
			);
			defaultConfigurationIsVisible = 0;
			defaultConfigurationName = Release;
		};
/* End XCConfigurationList section */
	};
	rootObject = 3724A02227845DC3003E8C31 /* Project object */;
}
